# This file is automatically @generated by Cargo.
# It is not intended for manual editing.
[[package]]
name = "path-gen"
version = "0.0.1"
dependencies = [
 "svg",
]

[[package]]
name = "svg"
version = "0.7.1"
source = "registry+https://github.com/rust-lang/crates.io-index"
checksum = "99bfc4e5077d9047fe8a5cbeb22f0164251e015f85480599892060c07a4e853f"
